
Microsoft Visual Studio Solution File, Format Version 12.00
# Visual Studio Version 17
VisualStudioVersion = 17.13.35825.156 d17.13
MinimumVisualStudioVersion = 10.0.40219.1
Project("{FAE04EC0-301F-11D3-BF4B-00C04F79EFBC}") = "SMSRateLimiter.Domain", "SMSRateLimiter.Domain\SMSRateLimiter.Domain.csproj", "{5DE2C6E6-0E29-4E5C-92A7-AD2D575BEDE6}"
EndProject
Project("{FAE04EC0-301F-11D3-BF4B-00C04F79EFBC}") = "SMSRateLimiter.Application", "SMSRateLimiter.Application\SMSRateLimiter.Application.csproj", "{0A2FB012-744C-4B30-ADAB-159FEA9572EF}"
EndProject
Project("{FAE04EC0-301F-11D3-BF4B-00C04F79EFBC}") = "SMSRateLimiter.Infrastructure", "SMSRateLimiter.Infrastructure\SMSRateLimiter.Infrastructure.csproj", "{A875C113-52E0-47C8-AD7D-428CBD3383D6}"
EndProject
Project("{FAE04EC0-301F-11D3-BF4B-00C04F79EFBC}") = "SMSRateLimiter.Api", "SMSRateLimiter.Api\SMSRateLimiter.Api.csproj", "{CF379CD0-5B64-4A01-B71B-E4208C48543D}"
EndProject
Project("{FAE04EC0-301F-11D3-BF4B-00C04F79EFBC}") = "SMSRateLimiter.Startup", "SMSRateLimiter.Startup\SMSRateLimiter.Startup.csproj", "{8DF59D1F-F4C6-4A2E-8F34-56A73FE30D5C}"
EndProject
Project("{2150E333-8FDC-42A3-9474-1A3956D46DE8}") = "Tests", "Tests", "{02EA681E-C7D8-13C7-8484-4AC65E1B71E8}"
EndProject
Project("{FAE04EC0-301F-11D3-BF4B-00C04F79EFBC}") = "SMSRateLimiter.Domain.Tests", "SMSRateLimiter.Domain.Tests\SMSRateLimiter.Domain.Tests.csproj", "{37949460-4605-453C-976E-D5953879651B}"
EndProject
Project("{FAE04EC0-301F-11D3-BF4B-00C04F79EFBC}") = "SMSRateLimiter.Application.Tests", "SMSRateLimiter.Application.Tests\SMSRateLimiter.Application.Tests.csproj", "{0FA9B967-6120-4F49-A86C-1C93DB31198F}"
EndProject
Project("{FAE04EC0-301F-11D3-BF4B-00C04F79EFBC}") = "SMSRateLimiter.Infrastructure.Tests", "SMSRateLimiter.Infrastructure.Tests\SMSRateLimiter.Infrastructure.Tests.csproj", "{680C2753-5F17-4F98-9AEB-2FED8777DA0C}"
EndProject
Global
	GlobalSection(SolutionConfigurationPlatforms) = preSolution
		Debug|Any CPU = Debug|Any CPU
		Release|Any CPU = Release|Any CPU
	EndGlobalSection
	GlobalSection(ProjectConfigurationPlatforms) = postSolution
		{5DE2C6E6-0E29-4E5C-92A7-AD2D575BEDE6}.Debug|Any CPU.ActiveCfg = Debug|Any CPU
		{5DE2C6E6-0E29-4E5C-92A7-AD2D575BEDE6}.Debug|Any CPU.Build.0 = Debug|Any CPU
		{5DE2C6E6-0E29-4E5C-92A7-AD2D575BEDE6}.Release|Any CPU.ActiveCfg = Release|Any CPU
		{5DE2C6E6-0E29-4E5C-92A7-AD2D575BEDE6}.Release|Any CPU.Build.0 = Release|Any CPU
		{0A2FB012-744C-4B30-ADAB-159FEA9572EF}.Debug|Any CPU.ActiveCfg = Debug|Any CPU
		{0A2FB012-744C-4B30-ADAB-159FEA9572EF}.Debug|Any CPU.Build.0 = Debug|Any CPU
		{0A2FB012-744C-4B30-ADAB-159FEA9572EF}.Release|Any CPU.ActiveCfg = Release|Any CPU
		{0A2FB012-744C-4B30-ADAB-159FEA9572EF}.Release|Any CPU.Build.0 = Release|Any CPU
		{A875C113-52E0-47C8-AD7D-428CBD3383D6}.Debug|Any CPU.ActiveCfg = Debug|Any CPU
		{A875C113-52E0-47C8-AD7D-428CBD3383D6}.Debug|Any CPU.Build.0 = Debug|Any CPU
		{A875C113-52E0-47C8-AD7D-428CBD3383D6}.Release|Any CPU.ActiveCfg = Release|Any CPU
		{A875C113-52E0-47C8-AD7D-428CBD3383D6}.Release|Any CPU.Build.0 = Release|Any CPU
		{CF379CD0-5B64-4A01-B71B-E4208C48543D}.Debug|Any CPU.ActiveCfg = Debug|Any CPU
		{CF379CD0-5B64-4A01-B71B-E4208C48543D}.Debug|Any CPU.Build.0 = Debug|Any CPU
		{CF379CD0-5B64-4A01-B71B-E4208C48543D}.Release|Any CPU.ActiveCfg = Release|Any CPU
		{CF379CD0-5B64-4A01-B71B-E4208C48543D}.Release|Any CPU.Build.0 = Release|Any CPU
		{8DF59D1F-F4C6-4A2E-8F34-56A73FE30D5C}.Debug|Any CPU.ActiveCfg = Debug|Any CPU
		{8DF59D1F-F4C6-4A2E-8F34-56A73FE30D5C}.Debug|Any CPU.Build.0 = Debug|Any CPU
		{8DF59D1F-F4C6-4A2E-8F34-56A73FE30D5C}.Release|Any CPU.ActiveCfg = Release|Any CPU
		{8DF59D1F-F4C6-4A2E-8F34-56A73FE30D5C}.Release|Any CPU.Build.0 = Release|Any CPU
		{37949460-4605-453C-976E-D5953879651B}.Debug|Any CPU.ActiveCfg = Debug|Any CPU
		{37949460-4605-453C-976E-D5953879651B}.Debug|Any CPU.Build.0 = Debug|Any CPU
		{37949460-4605-453C-976E-D5953879651B}.Release|Any CPU.ActiveCfg = Release|Any CPU
		{37949460-4605-453C-976E-D5953879651B}.Release|Any CPU.Build.0 = Release|Any CPU
		{0FA9B967-6120-4F49-A86C-1C93DB31198F}.Debug|Any CPU.ActiveCfg = Debug|Any CPU
		{0FA9B967-6120-4F49-A86C-1C93DB31198F}.Debug|Any CPU.Build.0 = Debug|Any CPU
		{0FA9B967-6120-4F49-A86C-1C93DB31198F}.Release|Any CPU.ActiveCfg = Release|Any CPU
		{0FA9B967-6120-4F49-A86C-1C93DB31198F}.Release|Any CPU.Build.0 = Release|Any CPU
		{680C2753-5F17-4F98-9AEB-2FED8777DA0C}.Debug|Any CPU.ActiveCfg = Debug|Any CPU
		{680C2753-5F17-4F98-9AEB-2FED8777DA0C}.Debug|Any CPU.Build.0 = Debug|Any CPU
		{680C2753-5F17-4F98-9AEB-2FED8777DA0C}.Release|Any CPU.ActiveCfg = Release|Any CPU
		{680C2753-5F17-4F98-9AEB-2FED8777DA0C}.Release|Any CPU.Build.0 = Release|Any CPU
	EndGlobalSection
	GlobalSection(SolutionProperties) = preSolution
		HideSolutionNode = FALSE
	EndGlobalSection
	GlobalSection(NestedProjects) = preSolution
		{37949460-4605-453C-976E-D5953879651B} = {02EA681E-C7D8-13C7-8484-4AC65E1B71E8}
		{0FA9B967-6120-4F49-A86C-1C93DB31198F} = {02EA681E-C7D8-13C7-8484-4AC65E1B71E8}
		{680C2753-5F17-4F98-9AEB-2FED8777DA0C} = {02EA681E-C7D8-13C7-8484-4AC65E1B71E8}
	EndGlobalSection
	GlobalSection(ExtensibilityGlobals) = postSolution
		SolutionGuid = {B70046E1-AA5C-4A05-A072-947D62A704A1}
	EndGlobalSection
EndGlobal
